
Microsoft Visual Studio Solution File, Format Version 12.00
# Visual Studio Version 16
VisualStudioVersion = 16.0.31424.327
MinimumVisualStudioVersion = 10.0.40219.1
Project("{9A19103F-16F7-4668-BE54-9A1E7A4F7556}") = "MoobieGoobie", "MoobieGoobie\MoobieGoobie.csproj", "{E1D6F711-4CA3-497D-B2A8-FC31219108BE}"
EndProject
Project("{9A19103F-16F7-4668-BE54-9A1E7A4F7556}") = "Moobie.WebView", "Moobie.WebView\Moobie.WebView.csproj", "{0A9E5840-90E1-4480-8A70-382F95FAA773}"
EndProject
Project("{9A19103F-16F7-4668-BE54-9A1E7A4F7556}") = "NameConventionizer", "NameConventionizer\NameConventionizer.csproj", "{1BDFFFDF-79B9-4A63-AAF3-874C5E41D3EC}"
EndProject
Project("{FAE04EC0-301F-11D3-BF4B-00C04F79EFBC}") = "ExternalMovieData", "ExternalMovieData\ExternalMovieData.csproj", "{F88F5D62-D699-4F95-AE51-D0E1BFBD33F9}"
EndProject
Global
	GlobalSection(SolutionConfigurationPlatforms) = preSolution
		Debug|Any CPU = Debug|Any CPU
		Release|Any CPU = Release|Any CPU
	EndGlobalSection
	GlobalSection(ProjectConfigurationPlatforms) = postSolution
		{E1D6F711-4CA3-497D-B2A8-FC31219108BE}.Debug|Any CPU.ActiveCfg = Debug|Any CPU
		{E1D6F711-4CA3-497D-B2A8-FC31219108BE}.Debug|Any CPU.Build.0 = Debug|Any CPU
		{E1D6F711-4CA3-497D-B2A8-FC31219108BE}.Release|Any CPU.ActiveCfg = Release|Any CPU
		{E1D6F711-4CA3-497D-B2A8-FC31219108BE}.Release|Any CPU.Build.0 = Release|Any CPU
		{0A9E5840-90E1-4480-8A70-382F95FAA773}.Debug|Any CPU.ActiveCfg = Debug|Any CPU
		{0A9E5840-90E1-4480-8A70-382F95FAA773}.Debug|Any CPU.Build.0 = Debug|Any CPU
		{0A9E5840-90E1-4480-8A70-382F95FAA773}.Release|Any CPU.ActiveCfg = Release|Any CPU
		{0A9E5840-90E1-4480-8A70-382F95FAA773}.Release|Any CPU.Build.0 = Release|Any CPU
		{1BDFFFDF-79B9-4A63-AAF3-874C5E41D3EC}.Debug|Any CPU.ActiveCfg = Debug|Any CPU
		{1BDFFFDF-79B9-4A63-AAF3-874C5E41D3EC}.Debug|Any CPU.Build.0 = Debug|Any CPU
		{1BDFFFDF-79B9-4A63-AAF3-874C5E41D3EC}.Release|Any CPU.ActiveCfg = Release|Any CPU
		{1BDFFFDF-79B9-4A63-AAF3-874C5E41D3EC}.Release|Any CPU.Build.0 = Release|Any CPU
		{F88F5D62-D699-4F95-AE51-D0E1BFBD33F9}.Debug|Any CPU.ActiveCfg = Debug|Any CPU
		{F88F5D62-D699-4F95-AE51-D0E1BFBD33F9}.Debug|Any CPU.Build.0 = Debug|Any CPU
		{F88F5D62-D699-4F95-AE51-D0E1BFBD33F9}.Release|Any CPU.ActiveCfg = Release|Any CPU
		{F88F5D62-D699-4F95-AE51-D0E1BFBD33F9}.Release|Any CPU.Build.0 = Release|Any CPU
	EndGlobalSection
	GlobalSection(SolutionProperties) = preSolution
		HideSolutionNode = FALSE
	EndGlobalSection
	GlobalSection(ExtensibilityGlobals) = postSolution
		SolutionGuid = {C5738BF9-0F26-4F45-BB09-4B3F0E8D8492}
	EndGlobalSection
EndGlobal
